
Microsoft Visual Studio Solution File, Format Version 12.00
# Visual Studio Version 16
VisualStudioVersion = 16.0.30104.148
MinimumVisualStudioVersion = 10.0.40219.1
Project("{FAE04EC0-301F-11D3-BF4B-00C04F79EFBC}") = "notify_API", "notify_API\notify_API.csproj", "{49462A7C-63A6-4F43-8AD8-BC6D3D1C27F9}"
EndProject
Project("{FAE04EC0-301F-11D3-BF4B-00C04F79EFBC}") = "PasswordChanged", "PasswordChanged\PasswordChanged.csproj", "{9AE19C10-4266-4F89-A837-ECAF09963D02}"
EndProject
Project("{FAE04EC0-301F-11D3-BF4B-00C04F79EFBC}") = "BNS_Tools_ALL", "BNS_Tools_ALL\BNS_Tools_ALL.csproj", "{FFBA972D-A4D2-427D-A18B-B38F8EFC4249}"
EndProject
Project("{FAE04EC0-301F-11D3-BF4B-00C04F79EFBC}") = "AchiWeb", "AchiWeb\AchiWeb.csproj", "{C789F754-DFD3-46EF-87E1-DB004DA95C61}"
EndProject
Global
	GlobalSection(SolutionConfigurationPlatforms) = preSolution
		Debug|Any CPU = Debug|Any CPU
		Release|Any CPU = Release|Any CPU
	EndGlobalSection
	GlobalSection(ProjectConfigurationPlatforms) = postSolution
		{49462A7C-63A6-4F43-8AD8-BC6D3D1C27F9}.Debug|Any CPU.ActiveCfg = Debug|Any CPU
		{49462A7C-63A6-4F43-8AD8-BC6D3D1C27F9}.Debug|Any CPU.Build.0 = Debug|Any CPU
		{49462A7C-63A6-4F43-8AD8-BC6D3D1C27F9}.Release|Any CPU.ActiveCfg = Release|Any CPU
		{49462A7C-63A6-4F43-8AD8-BC6D3D1C27F9}.Release|Any CPU.Build.0 = Release|Any CPU
		{9AE19C10-4266-4F89-A837-ECAF09963D02}.Debug|Any CPU.ActiveCfg = Debug|Any CPU
		{9AE19C10-4266-4F89-A837-ECAF09963D02}.Debug|Any CPU.Build.0 = Debug|Any CPU
		{9AE19C10-4266-4F89-A837-ECAF09963D02}.Release|Any CPU.ActiveCfg = Release|Any CPU
		{9AE19C10-4266-4F89-A837-ECAF09963D02}.Release|Any CPU.Build.0 = Release|Any CPU
		{FFBA972D-A4D2-427D-A18B-B38F8EFC4249}.Debug|Any CPU.ActiveCfg = Debug|Any CPU
		{FFBA972D-A4D2-427D-A18B-B38F8EFC4249}.Debug|Any CPU.Build.0 = Debug|Any CPU
		{FFBA972D-A4D2-427D-A18B-B38F8EFC4249}.Release|Any CPU.ActiveCfg = Release|Any CPU
		{FFBA972D-A4D2-427D-A18B-B38F8EFC4249}.Release|Any CPU.Build.0 = Release|Any CPU
		{C789F754-DFD3-46EF-87E1-DB004DA95C61}.Debug|Any CPU.ActiveCfg = Debug|Any CPU
		{C789F754-DFD3-46EF-87E1-DB004DA95C61}.Debug|Any CPU.Build.0 = Debug|Any CPU
		{C789F754-DFD3-46EF-87E1-DB004DA95C61}.Release|Any CPU.ActiveCfg = Release|Any CPU
		{C789F754-DFD3-46EF-87E1-DB004DA95C61}.Release|Any CPU.Build.0 = Release|Any CPU
	EndGlobalSection
	GlobalSection(SolutionProperties) = preSolution
		HideSolutionNode = FALSE
	EndGlobalSection
	GlobalSection(ExtensibilityGlobals) = postSolution
		SolutionGuid = {9A27D2DF-5A7B-4E94-B2D0-D29F09DE4701}
	EndGlobalSection
EndGlobal
